
Microsoft Visual Studio Solution File, Format Version 12.00
# Visual Studio Version 17
VisualStudioVersion = 17.2.32602.215
MinimumVisualStudioVersion = 10.0.40219.1
Project("{FAE04EC0-301F-11D3-BF4B-00C04F79EFBC}") = "IfStatements2", "IfStatements2\IfStatements2.csproj", "{D696C6AE-08B3-4972-9F0D-3EC07CE7D27C}"
EndProject
Global
	GlobalSection(SolutionConfigurationPlatforms) = preSolution
		Debug|Any CPU = Debug|Any CPU
		Release|Any CPU = Release|Any CPU
	EndGlobalSection
	GlobalSection(ProjectConfigurationPlatforms) = postSolution
		{D696C6AE-08B3-4972-9F0D-3EC07CE7D27C}.Debug|Any CPU.ActiveCfg = Debug|Any CPU
		{D696C6AE-08B3-4972-9F0D-3EC07CE7D27C}.Debug|Any CPU.Build.0 = Debug|Any CPU
		{D696C6AE-08B3-4972-9F0D-3EC07CE7D27C}.Release|Any CPU.ActiveCfg = Release|Any CPU
		{D696C6AE-08B3-4972-9F0D-3EC07CE7D27C}.Release|Any CPU.Build.0 = Release|Any CPU
	EndGlobalSection
	GlobalSection(SolutionProperties) = preSolution
		HideSolutionNode = FALSE
	EndGlobalSection
	GlobalSection(ExtensibilityGlobals) = postSolution
		SolutionGuid = {439544CB-4930-4EAB-A84C-EF7D3F6031F3}
	EndGlobalSection
EndGlobal
