
Microsoft Visual Studio Solution File, Format Version 12.00
# Visual Studio Version 17
VisualStudioVersion = 17.2.32602.215
MinimumVisualStudioVersion = 10.0.40219.1
Project("{FAE04EC0-301F-11D3-BF4B-00C04F79EFBC}") = "String Challenge 2", "String Challenge 2\String Challenge 2.csproj", "{76CC18D0-D374-477C-B770-200050FC6B68}"
EndProject
Global
	GlobalSection(SolutionConfigurationPlatforms) = preSolution
		Debug|Any CPU = Debug|Any CPU
		Release|Any CPU = Release|Any CPU
	EndGlobalSection
	GlobalSection(ProjectConfigurationPlatforms) = postSolution
		{76CC18D0-D374-477C-B770-200050FC6B68}.Debug|Any CPU.ActiveCfg = Debug|Any CPU
		{76CC18D0-D374-477C-B770-200050FC6B68}.Debug|Any CPU.Build.0 = Debug|Any CPU
		{76CC18D0-D374-477C-B770-200050FC6B68}.Release|Any CPU.ActiveCfg = Release|Any CPU
		{76CC18D0-D374-477C-B770-200050FC6B68}.Release|Any CPU.Build.0 = Release|Any CPU
	EndGlobalSection
	GlobalSection(SolutionProperties) = preSolution
		HideSolutionNode = FALSE
	EndGlobalSection
	GlobalSection(ExtensibilityGlobals) = postSolution
		SolutionGuid = {B506A812-EE08-44E6-894C-15A1B8029A7C}
	EndGlobalSection
EndGlobal
